
Microsoft Visual Studio Solution File, Format Version 12.00
# Visual Studio Version 17
VisualStudioVersion = 17.7.34031.279
MinimumVisualStudioVersion = 10.0.40219.1
Project("{8BC9CEB8-8B4A-11D0-8D11-00A0C91BC942}") = "kode_test", "kode_test\kode_test.vcxproj", "{D4710F74-03CB-43F0-84C0-35E18AAB71DA}"
EndProject
Global
	GlobalSection(SolutionConfigurationPlatforms) = preSolution
		Debug|x64 = Debug|x64
		Debug|x86 = Debug|x86
		Release|x64 = Release|x64
		Release|x86 = Release|x86
	EndGlobalSection
	GlobalSection(ProjectConfigurationPlatforms) = postSolution
		{D4710F74-03CB-43F0-84C0-35E18AAB71DA}.Debug|x64.ActiveCfg = Debug|x64
		{D4710F74-03CB-43F0-84C0-35E18AAB71DA}.Debug|x64.Build.0 = Debug|x64
		{D4710F74-03CB-43F0-84C0-35E18AAB71DA}.Debug|x86.ActiveCfg = Debug|Win32
		{D4710F74-03CB-43F0-84C0-35E18AAB71DA}.Debug|x86.Build.0 = Debug|Win32
		{D4710F74-03CB-43F0-84C0-35E18AAB71DA}.Release|x64.ActiveCfg = Release|x64
		{D4710F74-03CB-43F0-84C0-35E18AAB71DA}.Release|x64.Build.0 = Release|x64
		{D4710F74-03CB-43F0-84C0-35E18AAB71DA}.Release|x86.ActiveCfg = Release|Win32
		{D4710F74-03CB-43F0-84C0-35E18AAB71DA}.Release|x86.Build.0 = Release|Win32
	EndGlobalSection
	GlobalSection(SolutionProperties) = preSolution
		HideSolutionNode = FALSE
	EndGlobalSection
	GlobalSection(ExtensibilityGlobals) = postSolution
		SolutionGuid = {F825517D-D125-4A34-B699-6A2775DFD70B}
	EndGlobalSection
EndGlobal
